
Microsoft Visual Studio Solution File, Format Version 12.00
# Visual Studio Version 16
VisualStudioVersion = 16.0.29324.140
MinimumVisualStudioVersion = 10.0.40219.1
Project("{9A19103F-16F7-4668-BE54-9A1E7A4F7556}") = "CommandLineSample", "CommandLineSample\CommandLineSample.csproj", "{EE1B32DC-A170-433F-859D-A9A8352AFDE8}"
EndProject
Project("{9A19103F-16F7-4668-BE54-9A1E7A4F7556}") = "JsonConfigSample", "JsonConfigSample\JsonConfigSample.csproj", "{59AFDC76-F799-46B4-B299-70065D0811FE}"
EndProject
Project("{9A19103F-16F7-4668-BE54-9A1E7A4F7556}") = "OptionsBindSample", "OptionsBindSample\OptionsBindSample.csproj", "{E49F4958-BC6C-44C8-AF51-E1306E25CCDA}"
EndProject
Project("{FAE04EC0-301F-11D3-BF4B-00C04F79EFBC}") = "CoreDI", "CoreDI\CoreDI.csproj", "{16FF5A0C-36C1-4298-B2FE-D29DC4A1E0D8}"
EndProject
Project("{FAE04EC0-301F-11D3-BF4B-00C04F79EFBC}") = "MyPipeLine", "MyPipeLine\MyPipeLine.csproj", "{B991FA6E-B367-46C9-948A-9842C98EF2BF}"
EndProject
Global
	GlobalSection(SolutionConfigurationPlatforms) = preSolution
		Debug|Any CPU = Debug|Any CPU
		Release|Any CPU = Release|Any CPU
	EndGlobalSection
	GlobalSection(ProjectConfigurationPlatforms) = postSolution
		{EE1B32DC-A170-433F-859D-A9A8352AFDE8}.Debug|Any CPU.ActiveCfg = Debug|Any CPU
		{EE1B32DC-A170-433F-859D-A9A8352AFDE8}.Debug|Any CPU.Build.0 = Debug|Any CPU
		{EE1B32DC-A170-433F-859D-A9A8352AFDE8}.Release|Any CPU.ActiveCfg = Release|Any CPU
		{EE1B32DC-A170-433F-859D-A9A8352AFDE8}.Release|Any CPU.Build.0 = Release|Any CPU
		{59AFDC76-F799-46B4-B299-70065D0811FE}.Debug|Any CPU.ActiveCfg = Debug|Any CPU
		{59AFDC76-F799-46B4-B299-70065D0811FE}.Debug|Any CPU.Build.0 = Debug|Any CPU
		{59AFDC76-F799-46B4-B299-70065D0811FE}.Release|Any CPU.ActiveCfg = Release|Any CPU
		{59AFDC76-F799-46B4-B299-70065D0811FE}.Release|Any CPU.Build.0 = Release|Any CPU
		{E49F4958-BC6C-44C8-AF51-E1306E25CCDA}.Debug|Any CPU.ActiveCfg = Debug|Any CPU
		{E49F4958-BC6C-44C8-AF51-E1306E25CCDA}.Debug|Any CPU.Build.0 = Debug|Any CPU
		{E49F4958-BC6C-44C8-AF51-E1306E25CCDA}.Release|Any CPU.ActiveCfg = Release|Any CPU
		{E49F4958-BC6C-44C8-AF51-E1306E25CCDA}.Release|Any CPU.Build.0 = Release|Any CPU
		{16FF5A0C-36C1-4298-B2FE-D29DC4A1E0D8}.Debug|Any CPU.ActiveCfg = Debug|Any CPU
		{16FF5A0C-36C1-4298-B2FE-D29DC4A1E0D8}.Debug|Any CPU.Build.0 = Debug|Any CPU
		{16FF5A0C-36C1-4298-B2FE-D29DC4A1E0D8}.Release|Any CPU.ActiveCfg = Release|Any CPU
		{16FF5A0C-36C1-4298-B2FE-D29DC4A1E0D8}.Release|Any CPU.Build.0 = Release|Any CPU
		{B991FA6E-B367-46C9-948A-9842C98EF2BF}.Debug|Any CPU.ActiveCfg = Debug|Any CPU
		{B991FA6E-B367-46C9-948A-9842C98EF2BF}.Debug|Any CPU.Build.0 = Debug|Any CPU
		{B991FA6E-B367-46C9-948A-9842C98EF2BF}.Release|Any CPU.ActiveCfg = Release|Any CPU
		{B991FA6E-B367-46C9-948A-9842C98EF2BF}.Release|Any CPU.Build.0 = Release|Any CPU
	EndGlobalSection
	GlobalSection(SolutionProperties) = preSolution
		HideSolutionNode = FALSE
	EndGlobalSection
	GlobalSection(ExtensibilityGlobals) = postSolution
		SolutionGuid = {287E2E6E-0069-4256-A302-3754CF44000A}
	EndGlobalSection
EndGlobal
