
Microsoft Visual Studio Solution File, Format Version 12.00
# Visual Studio Version 16
VisualStudioVersion = 16.0.29324.140
MinimumVisualStudioVersion = 10.0.40219.1
Project("{FAE04EC0-301F-11D3-BF4B-00C04F79EFBC}") = "CommandLineSample", "CommandLineSample\CommandLineSample.csproj", "{EE1B32DC-A170-433F-859D-A9A8352AFDE8}"
EndProject
Project("{FAE04EC0-301F-11D3-BF4B-00C04F79EFBC}") = "JsonConfigSample", "JsonConfigSample\JsonConfigSample.csproj", "{59AFDC76-F799-46B4-B299-70065D0811FE}"
EndProject
Project("{FAE04EC0-301F-11D3-BF4B-00C04F79EFBC}") = "OptionsBindSample", "OptionsBindSample\OptionsBindSample.csproj", "{E49F4958-BC6C-44C8-AF51-E1306E25CCDA}"
EndProject
Global
	GlobalSection(SolutionConfigurationPlatforms) = preSolution
		Debug|Any CPU = Debug|Any CPU
		Release|Any CPU = Release|Any CPU
	EndGlobalSection
	GlobalSection(ProjectConfigurationPlatforms) = postSolution
		{EE1B32DC-A170-433F-859D-A9A8352AFDE8}.Debug|Any CPU.ActiveCfg = Debug|Any CPU
		{EE1B32DC-A170-433F-859D-A9A8352AFDE8}.Debug|Any CPU.Build.0 = Debug|Any CPU
		{EE1B32DC-A170-433F-859D-A9A8352AFDE8}.Release|Any CPU.ActiveCfg = Release|Any CPU
		{EE1B32DC-A170-433F-859D-A9A8352AFDE8}.Release|Any CPU.Build.0 = Release|Any CPU
		{59AFDC76-F799-46B4-B299-70065D0811FE}.Debug|Any CPU.ActiveCfg = Debug|Any CPU
		{59AFDC76-F799-46B4-B299-70065D0811FE}.Debug|Any CPU.Build.0 = Debug|Any CPU
		{59AFDC76-F799-46B4-B299-70065D0811FE}.Release|Any CPU.ActiveCfg = Release|Any CPU
		{59AFDC76-F799-46B4-B299-70065D0811FE}.Release|Any CPU.Build.0 = Release|Any CPU
		{E49F4958-BC6C-44C8-AF51-E1306E25CCDA}.Debug|Any CPU.ActiveCfg = Debug|Any CPU
		{E49F4958-BC6C-44C8-AF51-E1306E25CCDA}.Debug|Any CPU.Build.0 = Debug|Any CPU
		{E49F4958-BC6C-44C8-AF51-E1306E25CCDA}.Release|Any CPU.ActiveCfg = Release|Any CPU
		{E49F4958-BC6C-44C8-AF51-E1306E25CCDA}.Release|Any CPU.Build.0 = Release|Any CPU
	EndGlobalSection
	GlobalSection(SolutionProperties) = preSolution
		HideSolutionNode = FALSE
	EndGlobalSection
	GlobalSection(ExtensibilityGlobals) = postSolution
		SolutionGuid = {287E2E6E-0069-4256-A302-3754CF44000A}
	EndGlobalSection
EndGlobal
