
Microsoft Visual Studio Solution File, Format Version 12.00
# Visual Studio Version 16
VisualStudioVersion = 16.0.29324.140
MinimumVisualStudioVersion = 10.0.40219.1
Project("{9A19103F-16F7-4668-BE54-9A1E7A4F7556}") = "CommandLineSample", "CommandLineSample\CommandLineSample.csproj", "{EE1B32DC-A170-433F-859D-A9A8352AFDE8}"
EndProject
Project("{9A19103F-16F7-4668-BE54-9A1E7A4F7556}") = "JsonConfigSample", "JsonConfigSample\JsonConfigSample.csproj", "{59AFDC76-F799-46B4-B299-70065D0811FE}"
EndProject
Project("{9A19103F-16F7-4668-BE54-9A1E7A4F7556}") = "OptionsBindSample", "OptionsBindSample\OptionsBindSample.csproj", "{E49F4958-BC6C-44C8-AF51-E1306E25CCDA}"
EndProject
Project("{9A19103F-16F7-4668-BE54-9A1E7A4F7556}") = "CoreDI", "CoreDI\CoreDI.csproj", "{16FF5A0C-36C1-4298-B2FE-D29DC4A1E0D8}"
EndProject
Project("{9A19103F-16F7-4668-BE54-9A1E7A4F7556}") = "MyPipeLine", "MyPipeLine\MyPipeLine.csproj", "{B991FA6E-B367-46C9-948A-9842C98EF2BF}"
EndProject
Project("{9A19103F-16F7-4668-BE54-9A1E7A4F7556}") = "HelloCore", "HelloCore\HelloCore.csproj", "{5A713FF9-64B6-4A26-A64A-A212CFAE4969}"
EndProject
Project("{9A19103F-16F7-4668-BE54-9A1E7A4F7556}") = "MvcCookieAuthSample", "MvcCookieAuthSample\MvcCookieAuthSample.csproj", "{6FA9032A-D2BB-42D8-867D-F1A1CF325BEA}"
EndProject
Project("{9A19103F-16F7-4668-BE54-9A1E7A4F7556}") = "JWTAuthSample", "JWTAuthSample\JWTAuthSample.csproj", "{189A4ADA-A0DF-42B7-B4CF-B3CE849A1865}"
EndProject
Project("{9A19103F-16F7-4668-BE54-9A1E7A4F7556}") = "JWT.Server", "JWT.Server\JWT.Server.csproj", "{F3937BCB-3025-490D-8789-EBBE0F4F57EC}"
EndProject
Project("{9A19103F-16F7-4668-BE54-9A1E7A4F7556}") = "JWT.API", "JWT.API\JWT.API.csproj", "{B48A5B21-BDE0-4EA9-AE0D-3A0709FD94B3}"
EndProject
Project("{9A19103F-16F7-4668-BE54-9A1E7A4F7556}") = "IdentitySample", "IdentitySample\IdentitySample.csproj", "{D77D2B49-D3EE-4E57-AF54-5CB495EA1524}"
EndProject
Project("{9A19103F-16F7-4668-BE54-9A1E7A4F7556}") = "IdentityServerCenter", "IdentityServerCenter\IdentityServerCenter.csproj", "{39056CAC-C5B5-40B6-9094-23ECA8AB072C}"
EndProject
Project("{9A19103F-16F7-4668-BE54-9A1E7A4F7556}") = "ClientCredentialApi", "ClientCredentialApi\ClientCredentialApi.csproj", "{A29F5041-A0EC-47DE-8620-DD53F9EA68E4}"
EndProject
Project("{9A19103F-16F7-4668-BE54-9A1E7A4F7556}") = "ThirdPartyDemo", "ThirdPartyDemo\ThirdPartyDemo.csproj", "{419E9277-10CB-4C4C-9B91-729D5FB7BEB6}"
EndProject
Project("{9A19103F-16F7-4668-BE54-9A1E7A4F7556}") = "IdentityServerPasswordCenter", "IdentityServerPasswordCenter\IdentityServerPasswordCenter.csproj", "{76CCA7CE-D8D6-4EAA-B95B-57E1C9EB0B58}"
EndProject
Project("{9A19103F-16F7-4668-BE54-9A1E7A4F7556}") = "PwdClient", "PwdClient\PwdClient.csproj", "{9A910C12-8D1F-4EEF-AD24-48334E8CF1E0}"
EndProject
Project("{9A19103F-16F7-4668-BE54-9A1E7A4F7556}") = "PwdThirdPartyDemo", "PwdThirdPartyDemo\PwdThirdPartyDemo.csproj", "{F8512BA2-288B-4844-AA61-A0F2248AE0F1}"
EndProject
Project("{9A19103F-16F7-4668-BE54-9A1E7A4F7556}") = "OIDCServer", "OIDCServer\OIDCServer.csproj", "{14E692C6-F83E-46FD-9667-F26CC0216C50}"
EndProject
Project("{FAE04EC0-301F-11D3-BF4B-00C04F79EFBC}") = "OIDCClient", "OIDCClient\OIDCClient.csproj", "{19A551FD-D8A6-4781-AC91-600F2C83CE60}"
EndProject
Global
	GlobalSection(SolutionConfigurationPlatforms) = preSolution
		Debug|Any CPU = Debug|Any CPU
		Release|Any CPU = Release|Any CPU
	EndGlobalSection
	GlobalSection(ProjectConfigurationPlatforms) = postSolution
		{EE1B32DC-A170-433F-859D-A9A8352AFDE8}.Debug|Any CPU.ActiveCfg = Debug|Any CPU
		{EE1B32DC-A170-433F-859D-A9A8352AFDE8}.Debug|Any CPU.Build.0 = Debug|Any CPU
		{EE1B32DC-A170-433F-859D-A9A8352AFDE8}.Release|Any CPU.ActiveCfg = Release|Any CPU
		{EE1B32DC-A170-433F-859D-A9A8352AFDE8}.Release|Any CPU.Build.0 = Release|Any CPU
		{59AFDC76-F799-46B4-B299-70065D0811FE}.Debug|Any CPU.ActiveCfg = Debug|Any CPU
		{59AFDC76-F799-46B4-B299-70065D0811FE}.Debug|Any CPU.Build.0 = Debug|Any CPU
		{59AFDC76-F799-46B4-B299-70065D0811FE}.Release|Any CPU.ActiveCfg = Release|Any CPU
		{59AFDC76-F799-46B4-B299-70065D0811FE}.Release|Any CPU.Build.0 = Release|Any CPU
		{E49F4958-BC6C-44C8-AF51-E1306E25CCDA}.Debug|Any CPU.ActiveCfg = Debug|Any CPU
		{E49F4958-BC6C-44C8-AF51-E1306E25CCDA}.Debug|Any CPU.Build.0 = Debug|Any CPU
		{E49F4958-BC6C-44C8-AF51-E1306E25CCDA}.Release|Any CPU.ActiveCfg = Release|Any CPU
		{E49F4958-BC6C-44C8-AF51-E1306E25CCDA}.Release|Any CPU.Build.0 = Release|Any CPU
		{16FF5A0C-36C1-4298-B2FE-D29DC4A1E0D8}.Debug|Any CPU.ActiveCfg = Debug|Any CPU
		{16FF5A0C-36C1-4298-B2FE-D29DC4A1E0D8}.Debug|Any CPU.Build.0 = Debug|Any CPU
		{16FF5A0C-36C1-4298-B2FE-D29DC4A1E0D8}.Release|Any CPU.ActiveCfg = Release|Any CPU
		{16FF5A0C-36C1-4298-B2FE-D29DC4A1E0D8}.Release|Any CPU.Build.0 = Release|Any CPU
		{B991FA6E-B367-46C9-948A-9842C98EF2BF}.Debug|Any CPU.ActiveCfg = Debug|Any CPU
		{B991FA6E-B367-46C9-948A-9842C98EF2BF}.Debug|Any CPU.Build.0 = Debug|Any CPU
		{B991FA6E-B367-46C9-948A-9842C98EF2BF}.Release|Any CPU.ActiveCfg = Release|Any CPU
		{B991FA6E-B367-46C9-948A-9842C98EF2BF}.Release|Any CPU.Build.0 = Release|Any CPU
		{5A713FF9-64B6-4A26-A64A-A212CFAE4969}.Debug|Any CPU.ActiveCfg = Debug|Any CPU
		{5A713FF9-64B6-4A26-A64A-A212CFAE4969}.Debug|Any CPU.Build.0 = Debug|Any CPU
		{5A713FF9-64B6-4A26-A64A-A212CFAE4969}.Release|Any CPU.ActiveCfg = Release|Any CPU
		{5A713FF9-64B6-4A26-A64A-A212CFAE4969}.Release|Any CPU.Build.0 = Release|Any CPU
		{6FA9032A-D2BB-42D8-867D-F1A1CF325BEA}.Debug|Any CPU.ActiveCfg = Debug|Any CPU
		{6FA9032A-D2BB-42D8-867D-F1A1CF325BEA}.Debug|Any CPU.Build.0 = Debug|Any CPU
		{6FA9032A-D2BB-42D8-867D-F1A1CF325BEA}.Release|Any CPU.ActiveCfg = Release|Any CPU
		{6FA9032A-D2BB-42D8-867D-F1A1CF325BEA}.Release|Any CPU.Build.0 = Release|Any CPU
		{189A4ADA-A0DF-42B7-B4CF-B3CE849A1865}.Debug|Any CPU.ActiveCfg = Debug|Any CPU
		{189A4ADA-A0DF-42B7-B4CF-B3CE849A1865}.Debug|Any CPU.Build.0 = Debug|Any CPU
		{189A4ADA-A0DF-42B7-B4CF-B3CE849A1865}.Release|Any CPU.ActiveCfg = Release|Any CPU
		{189A4ADA-A0DF-42B7-B4CF-B3CE849A1865}.Release|Any CPU.Build.0 = Release|Any CPU
		{F3937BCB-3025-490D-8789-EBBE0F4F57EC}.Debug|Any CPU.ActiveCfg = Debug|Any CPU
		{F3937BCB-3025-490D-8789-EBBE0F4F57EC}.Debug|Any CPU.Build.0 = Debug|Any CPU
		{F3937BCB-3025-490D-8789-EBBE0F4F57EC}.Release|Any CPU.ActiveCfg = Release|Any CPU
		{F3937BCB-3025-490D-8789-EBBE0F4F57EC}.Release|Any CPU.Build.0 = Release|Any CPU
		{B48A5B21-BDE0-4EA9-AE0D-3A0709FD94B3}.Debug|Any CPU.ActiveCfg = Debug|Any CPU
		{B48A5B21-BDE0-4EA9-AE0D-3A0709FD94B3}.Debug|Any CPU.Build.0 = Debug|Any CPU
		{B48A5B21-BDE0-4EA9-AE0D-3A0709FD94B3}.Release|Any CPU.ActiveCfg = Release|Any CPU
		{B48A5B21-BDE0-4EA9-AE0D-3A0709FD94B3}.Release|Any CPU.Build.0 = Release|Any CPU
		{D77D2B49-D3EE-4E57-AF54-5CB495EA1524}.Debug|Any CPU.ActiveCfg = Debug|Any CPU
		{D77D2B49-D3EE-4E57-AF54-5CB495EA1524}.Debug|Any CPU.Build.0 = Debug|Any CPU
		{D77D2B49-D3EE-4E57-AF54-5CB495EA1524}.Release|Any CPU.ActiveCfg = Release|Any CPU
		{D77D2B49-D3EE-4E57-AF54-5CB495EA1524}.Release|Any CPU.Build.0 = Release|Any CPU
		{39056CAC-C5B5-40B6-9094-23ECA8AB072C}.Debug|Any CPU.ActiveCfg = Debug|Any CPU
		{39056CAC-C5B5-40B6-9094-23ECA8AB072C}.Debug|Any CPU.Build.0 = Debug|Any CPU
		{39056CAC-C5B5-40B6-9094-23ECA8AB072C}.Release|Any CPU.ActiveCfg = Release|Any CPU
		{39056CAC-C5B5-40B6-9094-23ECA8AB072C}.Release|Any CPU.Build.0 = Release|Any CPU
		{A29F5041-A0EC-47DE-8620-DD53F9EA68E4}.Debug|Any CPU.ActiveCfg = Debug|Any CPU
		{A29F5041-A0EC-47DE-8620-DD53F9EA68E4}.Debug|Any CPU.Build.0 = Debug|Any CPU
		{A29F5041-A0EC-47DE-8620-DD53F9EA68E4}.Release|Any CPU.ActiveCfg = Release|Any CPU
		{A29F5041-A0EC-47DE-8620-DD53F9EA68E4}.Release|Any CPU.Build.0 = Release|Any CPU
		{419E9277-10CB-4C4C-9B91-729D5FB7BEB6}.Debug|Any CPU.ActiveCfg = Debug|Any CPU
		{419E9277-10CB-4C4C-9B91-729D5FB7BEB6}.Debug|Any CPU.Build.0 = Debug|Any CPU
		{419E9277-10CB-4C4C-9B91-729D5FB7BEB6}.Release|Any CPU.ActiveCfg = Release|Any CPU
		{419E9277-10CB-4C4C-9B91-729D5FB7BEB6}.Release|Any CPU.Build.0 = Release|Any CPU
		{76CCA7CE-D8D6-4EAA-B95B-57E1C9EB0B58}.Debug|Any CPU.ActiveCfg = Debug|Any CPU
		{76CCA7CE-D8D6-4EAA-B95B-57E1C9EB0B58}.Debug|Any CPU.Build.0 = Debug|Any CPU
		{76CCA7CE-D8D6-4EAA-B95B-57E1C9EB0B58}.Release|Any CPU.ActiveCfg = Release|Any CPU
		{76CCA7CE-D8D6-4EAA-B95B-57E1C9EB0B58}.Release|Any CPU.Build.0 = Release|Any CPU
		{9A910C12-8D1F-4EEF-AD24-48334E8CF1E0}.Debug|Any CPU.ActiveCfg = Debug|Any CPU
		{9A910C12-8D1F-4EEF-AD24-48334E8CF1E0}.Debug|Any CPU.Build.0 = Debug|Any CPU
		{9A910C12-8D1F-4EEF-AD24-48334E8CF1E0}.Release|Any CPU.ActiveCfg = Release|Any CPU
		{9A910C12-8D1F-4EEF-AD24-48334E8CF1E0}.Release|Any CPU.Build.0 = Release|Any CPU
		{F8512BA2-288B-4844-AA61-A0F2248AE0F1}.Debug|Any CPU.ActiveCfg = Debug|Any CPU
		{F8512BA2-288B-4844-AA61-A0F2248AE0F1}.Debug|Any CPU.Build.0 = Debug|Any CPU
		{F8512BA2-288B-4844-AA61-A0F2248AE0F1}.Release|Any CPU.ActiveCfg = Release|Any CPU
		{F8512BA2-288B-4844-AA61-A0F2248AE0F1}.Release|Any CPU.Build.0 = Release|Any CPU
		{14E692C6-F83E-46FD-9667-F26CC0216C50}.Debug|Any CPU.ActiveCfg = Debug|Any CPU
		{14E692C6-F83E-46FD-9667-F26CC0216C50}.Debug|Any CPU.Build.0 = Debug|Any CPU
		{14E692C6-F83E-46FD-9667-F26CC0216C50}.Release|Any CPU.ActiveCfg = Release|Any CPU
		{14E692C6-F83E-46FD-9667-F26CC0216C50}.Release|Any CPU.Build.0 = Release|Any CPU
		{19A551FD-D8A6-4781-AC91-600F2C83CE60}.Debug|Any CPU.ActiveCfg = Debug|Any CPU
		{19A551FD-D8A6-4781-AC91-600F2C83CE60}.Debug|Any CPU.Build.0 = Debug|Any CPU
		{19A551FD-D8A6-4781-AC91-600F2C83CE60}.Release|Any CPU.ActiveCfg = Release|Any CPU
		{19A551FD-D8A6-4781-AC91-600F2C83CE60}.Release|Any CPU.Build.0 = Release|Any CPU
	EndGlobalSection
	GlobalSection(SolutionProperties) = preSolution
		HideSolutionNode = FALSE
	EndGlobalSection
	GlobalSection(ExtensibilityGlobals) = postSolution
		SolutionGuid = {287E2E6E-0069-4256-A302-3754CF44000A}
	EndGlobalSection
EndGlobal
